
Microsoft Visual Studio Solution File, Format Version 12.00
# Visual Studio Version 16
VisualStudioVersion = 16.0.29609.76
MinimumVisualStudioVersion = 10.0.40219.1
Project("{9A19103F-16F7-4668-BE54-9A1E7A4F7556}") = "Office.Work.Platform.Lib", "Office.Work.Platform.Lib.csproj", "{26227CC7-BCDA-4A4B-B528-AB6A956493DD}"
EndProject
Global
	GlobalSection(SolutionConfigurationPlatforms) = preSolution
		Debug|Any CPU = Debug|Any CPU
		Release|Any CPU = Release|Any CPU
	EndGlobalSection
	GlobalSection(ProjectConfigurationPlatforms) = postSolution
		{26227CC7-BCDA-4A4B-B528-AB6A956493DD}.Debug|Any CPU.ActiveCfg = Debug|x64
		{26227CC7-BCDA-4A4B-B528-AB6A956493DD}.Debug|Any CPU.Build.0 = Debug|x64
		{26227CC7-BCDA-4A4B-B528-AB6A956493DD}.Release|Any CPU.ActiveCfg = Release|x64
		{26227CC7-BCDA-4A4B-B528-AB6A956493DD}.Release|Any CPU.Build.0 = Release|x64
	EndGlobalSection
	GlobalSection(SolutionProperties) = preSolution
		HideSolutionNode = FALSE
	EndGlobalSection
	GlobalSection(ExtensibilityGlobals) = postSolution
		SolutionGuid = {9A0F21C2-09D3-4B83-AC16-313ED66B58FF}
	EndGlobalSection
EndGlobal
